WlhkdlowbERTbk5pTWs1eVdtMXNjMXBXV214amJrNXdZakkwYVU5cFFYaE1RVzluU1VOS00ySXpTbkpqTTBKb1dUSldla2xxYjJkbGQyOW5TVU5CWjBscFNUWkpTSE5MU1VOQlowbERRV2RKYlRWb1lsZFZhVTlwUVdsalNFcDJaVWRzYkdONVNYTkRhVUZuU1VOQlowbERTbXRhV0ZwRldsaENiR0p0VW14aWJVNXdXbGhOYVU5cFFqZERhVUZuU1VOQlowbERRV2RKYTBJd1pWaENiR041T1dsa1Z6UnBUMmxCYVdKSFJqQmFXRTR3U1dsM1MwbERRV2RKUTBGblpsTjNTMGxEUVdkSlEwRm5TVzVDYkZwWVNrVmFXRUpzWW0xU2JHSnRUbkJhV0UxcFQybENOME5wUVdkSlEwRm5TVU5CWjBsdVVqVmpSMVo2V1ROS2NHTklVV2xQYVVGcFdHcFZhVXhCYjJkSlEwRm5TVU5DT1V4QmIyZEpRMEZuWmxOM1MwbERRamxNUVc5blNVTktkMWxYVG5KWlYyUnNZM2xKTmtsSWMwdEpRMEZuU1VOS1FXUkliSGRhV0UxMldXNVdkVWxxYjJkWGVVcEJaRWhzZDFwWVRYWlpibFoxVVVSRmRVMXBOSGhOUTBselNVTkphVXhEUWpkSlEwcHJXbGhDYkdKdFVteGliVTV3V2xoTmFVOXBRamRKUTBwcFpGYzBkR1JJYkhkYVdFMXBUMmxCYVUxVE5IbE1ha1YzU1dsQ09VbElNSE5KUTBwNllVZEZNVTFVU1hSYVYyeHpaR3BhV0ZKck1IcFVWRUpxVDFod01GTnVVVE5NTW1NMFRVVktSV1JZVGt4UFZHZzJUREJhZVZKdVpIcGFWbkJ1VmtSU2FWZEZUbmhOYmxwUllVWm9SVTVJYnpSVmFrNTJXa2RTZEZGWE5ISlZhVGxQWWxodk5XUnJTblZPUjNReldsVndUR0pWWkZWWGJXOXlZa2RqT1ZCVFNtUk1RVzlMU1VOQlowbERTa0ZrU0d4M1dsaE5kbUp0T1d0YVUwazJTVVp6YVZGSVVqVmpSMVo2VERJMWRscEhWa0ZOYWtsMVRWUlJkVTFUU1hOSlEwbHBURU5DTjBsRFNtdGFXRUpzWW0xU2JHSnRUbkJhV0UxcFQybENOMGxEU2pGaWJWSndXVEpyZEdSSWJIZGFXRTFwVDJsQmFXWnFXWFZOYWtWMVRVTkpaMlpUUWpsTVEwRnBZekpvYUU1VVJYbE1XRlYzVTBoV1VWVllaR3hNTWxKSlkydHNNRm93YUVsalJ6RXpUVEEwZVZwc2JFUlZhbG8wVGtkc01sUlZOV2xWUldoVFlUQktWMVZFVWtSa2F6UnlZVEpzVTJOcmRFbFdNbk42WVZSb01GZEhiRkJNTW5CMlZVaGtXVlJGTVZwa2ExazFWa1pTUjAxSFZuaGFNR2hLWkZVNU0xQlVNR2xZVTNkTFEybEJaMGxEUVdsWmJsWjFURmhTTldOSFZucEphbTluVjNsS2FXUlhOSFJrU0d4M1dsaE9RVTFUTkhsTWFrVjNTV2wzWjBscFNYTkpTSE5uU1cxU2JHTkhWblZhUjFaMVdUSnNiR041U1RaSlNITm5TV3RDTUdWWVFteGplVGwxWWpKU2JFbHFiMmRKYVc5cFNVZ3daMlpUZDJkSmJrNXZXVlJWZUUxcE1XbE9WV3hWVjJzeGRWWnRVbTFOTWpCNFdqQXhNbE5yYUVoTE1tUktXbTFXUzFOSGJGSlZSWEJvWVhwQ2JVNTZhM2xPVldnMFpGUmFZVlJxVmxkVE1FVTBVVlZrTlU1RlpHRk9SM2hPU3pGb2NtSnFXbkZrUm1RMFducFdWRTB5ZUd0V00xcHRZbFpvYTJSdE5YSmpSRTVJVlZRd09VbHNNSE5EWjI5blNVTkJaMGx1VWpWalIxWjZXVE5LY0dOSVVXbFBhVUppU1c1U05XTkhWbnBaTTBwd1kwaFNRVTVUTkRSTWFrMXBURU5CYVVscGQyZGxlVUZwV1cxc2RVbHFiMmRsZVVGcFpFaE9ha2xxYjJkSmJVcHdZbWs1TUdNeVRXbE1RMEZwWkVoT2VscFlTakphV0VscFQybEJhVmx0YkhWTU0xSjZZekpXZVdSdFZubEphVUk1U1Vnd2MwbERTbnBoUjBVeFRWUkpkR05FUm10aFZtTXlWa2hHVFU5VmQzZE9NalZQWlVoYVUxUlZNRE5oUlRGT1pIcFNhazVXYUZCaWVUaDRZVmRLVFU1SFJrSlRWV1IwVlRCR01FOVlUbk5XUlZWNFYwZGtNMDVWZEZoa1Z6bHRUVzVXVlZReldrUmFlbXhEVjFSa1lWVnRhM0pTTWtaSFMzcGtlbHB0WkZGYVZrVTVVRk5LWkV4QmIwdEpRMEZuU1VOS01XSnRVbkJaTW10MFpFaHNkMXBZVFdsUGFVSmlTVzVXZFZwSGJHcGhVekV3WlZoQ2JHTXdRVEpNYWtsNFRHcEJhVXhEUVdsSmFYZG5aVE13YzBsRFNucGhSMFV4VFZSSmRHRllaRVZYYmtadVRVWkdRbEl6U201UFZrcG9aR3BXU1U1SE5IZFVWRmt3V1hwT2RHRXhTVEZQVjA1TFRtNWtVbU5EY3pOUmVsSjFVMVJDYm1NeU1VWmxSMFpzV2tkR1dsUkZOVkJPUkZKc1ZrUlNRbVJGU2tOa01uQnBWa2RzU0ZWRk1YTmtSRXBPV2tSQ1ZVOVZaelZUYkVVNVVGTktaRXhCYjJkSlNEQkxabEZ2UFE9PQ==