VjJ4b2EyUnNiM2RpUlZKVVltczFjRlJYY3pGbFZtUjBUVmhPYWsxWVFsaFdNakUwWVcxS2NrNVlaRnBoYTJ0M1dWWlZOV05HUmxsaFJURlNWbnBzZFZVeFZrOVRNREI1VTFod1ZHSnJjSEZVVkVKTFlqRmtWVk5zWkd4aE1uaDRXV3BLYTJKSFVYbFBWelZVVmxVMVExZHFRbk5qUms1VlYydHdWRk5GTlUxVk1WWlBVV3h2ZDJKRlVsSldNbEpMV1d4U1YySXhiSE5hUmxwb1ZsUnNkMVZXWkhOaGJFNUdZMFJLWVZaWFVucFphMlJQVGxaT1dWUnJVbWhXVlZwMVZURldUMUZzYjNkaVJWSlVZbGhTYUZZd1duZFNiR1J6WVVWT2FWSXdjREJXVnpFMFlWZEtWazVZWkZoaVIyaFBXVlpWTldOR1JuRmFSVkpvVmxWYWRWVXhWazlSYkc5M1lrVlNVbFl5VWt0WlZFSktaREZ3VjJGRlRtbFNNRFF4VkRGa2MyRXhXalpWYmtKVlRXMTRRMWxXWkV0VFJrcHhVVzFHV0ZKVVVqTlZNV1J6VFRGTmQySkZVbEpXTWxKTFZWUkNSMkpzY0hOVWFrNVVUVWQ0UlZWV1pHdFRiRVYzVW0wMVZGWjZWa1JaYTFwM1YxWk9jbFp0UmxoU1ZYQjZWMWN3ZUZVeVNraFRibEpWWW10S2FGWXdWWGhqUmxGNVlrVk9UMDFGTlhkVlZtUnJVMnhGZDFKdE5WUldWVFZEVjJwQ2MyUldWbkZXYlhCVFRWWnZNbFl4VWs5VE1rNUlWR3RzVmxZeWVGRlpWbFpIWTBaa1NHTkdXbWhXV0doRFdXcEthMU5zUlhkU2JUVlVWbFUxUkZReFZqUlJiVWw1V2tWd1VrMUZXblZYYlhoUFRURk5kMkpGVWxKaGJYaE9WVlpqTldKc1RsWlVhM1JyVFZkNFdWWkhOVXRYYkZsNVZXNU9XazB5ZUV0VWJYUnpVMWROZDJSRmNGSk5SVnAxVlRGV1QxTXhSbGhWYTJ4cFUwZFNhRll3VlhoTmJHUllUbFprYTFaWGVIaFpha3ByVjBkV1ZtTkZTbUZTVjJoNldrUkdkMWRXVWxsWGJIQnBZa1p2ZUZaV1ZsTlNiVkpXVFZoQ1QxTkhhRTlWVkVKelpXeE9WbFJyY0doV1dHaEZWVmR3YTFOc1JYZGpTRXBZWWtkb1JGbHJaRXRrUmxaMFpVZHNhVlpVVmpOV01uaHZWRzFHVms5WVFsSmhiVkpMVlZSQ2QyTkdjRWRaZWtKclVqRktTbGxyYUd0WlZtUkdUVmhDVlUxdGVFTlpWbFY0VmtVMVNXSkZNV2hoTVZsNlZURmtjMUV3T1ZaaVJXeE9VMFUxUzFWVVFuZE9iR3hXV2tWYVRsWlVSbFpWTVdoVFdWWlplV1ZJY0dGU00wSm9WakJhUzJOck1VbGpSbFpYVWxWd2VGWkVSbTlrTURGSFZHNVdWbFpGTlU1VVZ6Rk9UVVpTVmxacmRGTldNVXBhVmtkME5GVkdXa2hhZWtwVlVrVkthRnBXV2t0a1ZuQkpZMGRHVjJKclNqRldiWFJUVlRKR1YxcEZXbFZpYldoUFdXMTRkMVZzYkZaWGJUbFRWbFJXU2xsdWNGTldiVVp5VGxSS1dHRXlVbFJhUlZwSFYwVTFTVk5zV21oV1IzaFJWMWQ0YjJSck5WaFZia3BVWW14YVVGVnFUbEpsYkdSelZtNWtWVkl3Y0ZkWGExcFhWMGRLV0U5WWJGcGhNbEp4VkRGYVExWkdUblJWYXpGU1ZucHNUVlV4Vms5UmJHOTNZa1ZTVkdFd1duSlZNR1EwVFRGa2MyRkZOV3RpVlhBd1ZERmtNRmxXVlhkaGVrcFVWbFp3TmxsV1drZFRWbFp4Vm0xd1UwMVdiekpXUlZKS1RWZFNjMk5GYUZkaE1GcFBXVmQwYzAxV1VsZFZiRXByVmxSR1ZWVXhhRTlUYkVWM1lraENWVkpWTlVSVWFrSnpVa1pPZEdSSFJsaFNWWEI2VjFjd2VGVXlTa2hUYmxKVlltdEthRll3VlhoalJsRjVZa1ZPVDAxSGVFVlZNbkJIWVZkS1YxTnVaRmhXUlhCNVdrVmtVMU5YU2tsYVIwWllVbFJHZDFaRVNuTlJiVVpZVjI1R1dGZEdXazlaVjNSWFRWWlNWbFJyY0dGTmJIQlZWVmR3YzFSV1JYZFNia0phWld0d2RsbFZWVEZXVmtwWllrVXhXRkpzV1hwV1ZFSnZWakZXVjFac2JHRlNNMmhPVkZkNFMxTnNhM2xrU0U1T1VtMDVNMWxWVm5OaGJFbzJVbGh3VlZaRlJYZGFWbHAzWXpKS1JsVnNXbWhpUnpoM1ZrZDBhMk13TVhOVmJGcFBWako0VjFWc1pHOVdSbXhWVVd0MFYwMVdXa1pXVjNSVFlUSkdObFZ1YkZwV1JYQjZWbFJLVDJOdFVrWmlSbVJPWW1zME1sZFdXbE5pTURGSFdrVm9hVkpyU2s1VVZ6VkRUV3hhVm1GSGRGaFdiRXBIVkZaYWQyRXlSWGhoZWtaWFlURndWRlZxUVhoVFJscDFZVWRHVGxJeWFFeFhhMXBXVGxVd2VGRnNWazVTTW5oYVZsUk9hMVJHUlhsaVJVcGhUVWQ0UlZWV1pITlhiVXB6VjJwR1ZWSnRhRlJVYkdSUFUwWmFkV05GY0doaVZHeDFWbXBPYzFNeVJsaFZiR2hQVTBaS2NsVXdaRFJOTVdSellVVTVVbFpVUmxWVWEyaHpWRmRHY2xacVRsUldNbmQ2VjJwQ2MyTkdUbGxVYTNCVVUwVTFkVlV4WTNoVk1rcElWR3RvVjJKc1dtaFZha1poVFZaa1ZWTnVUbWxTTURReFZURlNZVk5zVGtsVWJUVlVWak5TUkZSVlpGZFhWa1owWlVkd2JGWkhkM2hYVjNCTFZUSktSbUpJUm1sTmJWSkxXVlpqTldOR1RsWmFNMlJoVFd4d1ZWcEVTbXRUYlVweVRsaGFXRlpzU2xkYVZWVjRZMFV4V0dKRk9WZFdNMmhYVm1wS2VtVkhVbGRYYmxKV1lsUkdUMVJYY0VOT1JtUnhVVmhvVG1KRk5YbFpWVlp2VkVVeGRGVnJkRmhpVkVaWVZYcEdUMU5IU2tkVGJGcFRWMFZLZGxkV2FIZFJNa3BXVGxSYWFFMHllRkJXYkdSdVRVWndSMVZ0UmxwV2JFcDRWbTE0YTFaRk1VWldWRUpXVm14YWNsUnNWVEZTYkhCSVVtczVVMDB5YUZCVk0zQkhZakpPZEZOdVJsaGlhMXB5VlcweFVrMUdaSFZqUm1SWFVsUkNOVnBWWkRCV01EQjRZMGhTV21KR2NIWlpWRXBUWkVVMVdWTnRjRk5TVkZaS1ZteGFVbVF3T1ZaaVNFNU9VMFUxUlZkcVNUVmliRTVXVkd0S1lVMUhlREZXVjNCWFlXeEplRmRxV2xoV1JUVk1XVEJrVDFOV1ZsaGlSa0pvVmxWd2NGVXhZekZWTURWWVZHdG9WMkp1UW1GVVZFSjNaREZyZDJGR1RsSldWRlpWVkd0U1UxUlhSbkpOV0VKVlVsVTFRMWxXVm5OalIxRjVXa2Q0YkZaVlduZFdNV040WXpKU1ZtSklSbWxOYlZKeldsWldSMk5HY0VaaFJUbG9ZVEo0ZUZscVNtdFRiVXBXWTBoa1dtSlhjekZVVldST1pWWlNXR0pGTVZKTlJWcDNWMnRXYjFReVZuTmpSbXhVWVd0d2FGWXdWbk5qUmxGNVlrVkthRlp0ZURCWmEyaFhWRlV3ZUZOcVdscGxhM0JZV2xaa1UyUkdXblZpUlhCb1ZsVnJNVlV4Vm01a01rMTNZa1ZTVkdKdVFtOVZha0pXWlVaU1YxVnJjR3RTTURWR1ZXMHhNR0ZHV25SVVdHeFhZVEpvU0ZaR1ZUVldiVkY2V2tVNVRtRnNXbEZYYkZadldWWlZlRlZzV2s1U1JUVnZWV3hTUjFReGNFbGpSazVvWVhwV1dGbFZXa05oVjFaVllVUlNXbFp0VWt4V1JsVXhVMFpLY2xOc1VsZFdNVWwzVm14U1ExSXdNVVpQVm14VlltczFXRlZzV2xkT1JsbDNXa2QwVGsxRVZsZGFSVnB2WVRGYU5tSklVbFZXZWxaWVZteGFVbVZzWkhKVmJVWnNZbGhvUlZacVJsTmhNV3hYVm01U2FFMHdjRlJVVjNSaFUwWk5lbU5IZEd4aVNFSXdWMnRhUjFsV1duSldWRlpXVW1zMVRGZHJWalJSYlVsM1pFVndVazFGV25WVk1WWlBVekF4V0ZOdVVsWmlhMHBoVkZjeE1FMUdjRVpoU0U1clRWaENXbFpHWkhOVlIwWldVMjFzVkZaNlZsaGFSbHAzVTBkS1NHTkhhRlpsYTFZelYyeGFiMUV5U2toVVdHUlNWa1Z3VGxsWGRITk9SbEpJWTBWS2FGWllhRVZWVm1SelUyMUdXVnBITldGV1JURXpXWHBDYzFKR1RuVmpSMmhUVFVaV05GWkdXbE5UYlZKSVVteHNZVkpXV2xsWmJYUmhaRlpTVmxkclpGSmlSV3cyVlRJd01WVkdXbkpqUnpsaFVqTkNXRlV4VlRGVFJUVkpXa1pXVjFKdGRETldNV2gzVkRKU1NGSllhRlJXUlZwUlZtcEJNVlJHVW5ST1YzUldZbFUxUlZremNFOVZiVlp6VTJwR1ZrMVdTa1JaYlRGT1pWVXhWbGR0ZUZOTlJuQjZWakowYTFJeFpITlZhMXBQVm10S1VGVnJXa3RqTVZweVZXeE9VbUpXU2tkVk1uUlBZVEF4ZFZGdVFsZGhNbEo2VlRCYVYxSnJNVmxVYlhSVFVsaENVRll5ZEZOUk1WcFdUMVphWVdWc1dsVlphMVpXVGxaV1IxUnJkR0ZTV0doRFdXcEthMU5zVGtWUmEzaGhZa1ZhTWxWR1JUbFFVVDA5