VmpKNGIyRXlVbk5pTTJScFVsWktWVmx0Y3pGalJsSllZM3BHYkZadFVqQlVWbWhQWVdzeFdWRnNhRmROYWtVd1dWY3hTMk5yTlZsYVJuQm9ZVEowTTFkV1dsWk9WMDVIVW14c2FGSlVSbE5XYm5CelpGWlZlRlpyT1ZSTlJFSTFWVEZvZDFaSFNuSmpTRVpWVmtWS1RGbHFSbXRXVms1eldrZDRhRTF1YURSWFYzQkxZVEpLU0ZWWWJGQldlbFpWVm14Vk1WRXhaSEZSYms1cVVtczFWbFl5ZEhkV1JrNUdUbFV4VmsxV1dsQlZWM2gyWkRKS1JsVnNTbGROYkVwTVYxZDRVMVl5U1hoaVNFNWhVbXh3YjFac1VuTmtNVlpYV2toT2FHSkZOVWRaTUZKTFdWWmFXRlZ1Y0ZwaE1sSlFWR3hhVDFkV1VuSlZiV2hYVmxad01WWlVSbGRVTVVaellqTmthVkpXU2xWWmJHaFRZVVpaZDFkdVpGTmlSMUo2V1ZWV1QyRldTWGRqUkVKWFZucEZNRmxXWkV0V2F6VlpXa1pvYVZJeWFGQlhWbHBXVGxkT1IxSnVSbUZTVmtwdlZteFdZV1JXVlhoV2F6bFNZa2M1TTFsclZsTlZiRmw1Vld0MFdsWkZTa3RhUkVaM1ZqSkdSbFJ0YkZOTlJGRjRWa1JHYTJNeVJYaFhhbHBXWW10S1ZsUlhNVFJSTVd4WFdrVjBWRkpyY0hoVlZ6RkhWMFpLVlZWcVRsWk5WMUo2VkZSR1RtUXlTa1pWYkVwWFRXeEtURlpXVWtOU01rcHpZMGhPVldGck5WVlVWV1EwVWxaV1YxcEhkRlJpUlZZelZXMHdNVlpHV2paV2ExSmFZVEZ3TTFZeFdrOWpiRnAwVW14b1UxWllRalpXTVdOM1pVWlZlVk5yYUZSaWJFcFdXVzEwUzJGR1dYZFdXR2hxVW14R05WbHJWazlVTURGR1RsaGtWbFp0VW5KVk1uaEdaREZLZEU1V1VsZFdWRlpFVmpKd1EyTXlVbGRXYmtaWFlsaENWRlJXV25aTmJGbDRWV3M1VkUxck5VbFdSM1J6Vm14WmVXVkdSbHBXYkZwSVdUQmFhMU5IVGtkWGJXaFhWMGRvUkZkWGNFdGhNVTV6VWxoa1UySlVWbFZXYkZVeFVrWlJlRlpxVWxKaVZXdzFWMnRXZDFWck1VWlhibFpZWWxob1VGUlVSazVrTWtwR1ZXeEthR0pZYUU5V1ZscHFUbGRLYzFSc1dsVmhNMUp5VkZaa05GZFdXa2hPVlhSWVlrWnNOVlpYTlU5WGF6QjVaVVYwVldKWVVucFZNV1JPWkRKU1JtTkdTazVTVm5BeFZsUkdWMVF4VFhoU2JHaFdZVEo0Y0ZVd1pGTmhSbGwzVmxob1RtSkhVbGxVYkZwcllURmFXR1ZJYUZwaGEzQnlWakJrVjFadFRrWlRiVVpUVmpKb05sZHJVa2RrTVdSWFZXeHNXR0pJUW5CWmExcDJaVVphVjFac1RsTmlWa3BYVkZab1ExUXhUa2hoUlRsV1ZrVktlbHBYZUU5V2JGSnlZMGRvVjFkSGFFWldWbVIzWVRGT2MxSllaR3BUUlhCWldXdGtiMUpHYkhKYVJYUnJVbXhhTUZwVlpITmhWbHBWVm1wT1YwMXVhSFpXUnpGSFZtczVXVkZzU21oaVZrcE1WbFpTUTJReVRrZGpSV1JhWld0S2NsVnFSa3RUYkd4eVlVZDBXbFp0VWtkVVZtaERWbFV4ZEdWRlRscFdiRlkwVm10Vk1WTlhTa1pOVjJob1RWWnNObFpVUm10ak1VVjNUMVphYVZKWGVFOVZNRlV4VXpGV1ZWRnVaRTlpUjNoWFYydFdZVlJzV2xWU2JGcFdUVmRvVkZkV1dscGxWMVpKWTBkR1UwMHdTbTlXYWtKaFV6Sk9jazFWYkdwU2JGcFlWV3hXZDJWR1drVlNiVGxyVFVSR1NGWkhOVmRXYkZwR1RsVTFWVlo2Ums5VVZWcFRWbXhhY21SR1RsZE5WWEJoVm10a01FNUdWa2RYYTJoaFpXdHdWbFZyVmt0aFJuQlhWMnQwYTFadVFrcFpNR1JIVmpKS2NsTnFSbGRpV0ZKVVZsUktSMVl4Y0VaWGJGWnBZbGRvVUZkWE1UUmtNVlp6WWtaYVdHSlViRlJXYkZKWFUyeHNkV05HVGxkaVZWcDVWR3hTUzFkSFJYbFZiRkpoVWxad1NGWXdWVEZUVms1elYyMW9WMUl6YUZKV01XUTBZakpTY2s1V2FGWmlhM0JWV1cxNFlWVkdWbkZVYkVwc1lrZFNlbFp0Tld0V1ZrbDNZMFprV0dFeGNGaFdNR1JMVjBVNVdXSkdjR2hOYkVwNFZrUkdZVkV4V2tkVWJsSldZWHBHVTFadWNITlVWbFY0Vm1zNVVtSkhPVE5aYTFaVFZrZEZkMWR1U2xaTlIxRXdWRlJHYTJNeVJrWk9WM1JwVmxoQmQxWkVSbXROUm14WFZsaGthR1ZyY0ZWV2JGcDNUbXhzVjFkclpGUldiRnA0Vm0weGQxVXdNVmRpZWtwWFVsWktTMVJXWkZOak1rNUdZVVprYUUxR2NGQlhWbVF3WXpBeFYxVnNaRlppUlhCeVZteFNSMVpXVlhoaFJUbFVZa1ZXTTFscmFFTldWa3BXVGxWU1ZXRnJTbnBWYTFwUFpFZFNTRkpzYUZOV1dFSTJWakZqZDJWR1ZYbFRhMmhVWW14S1ZsbHRkRXRoUmxsM1ZsaG9hbEpzUmpWWmExWlBWREF4U0dWRlZsWk5ia0pJV1Zaa1MxWXhUblZhUm1oWFVsaENOVmRyVm10Vk1VNVlVMnRzWVZJd1dsbFZiRkpIWkRGYVJWTnVUbEppVlZwWlZqSTFSMWRHWkVkWGF6bGFWak5TV0ZSV1dsTldiRkp5WTBkR1RtSklRbFpXVm1SM1l6RlNWMUpZWkZOaWEwcGhXbGQwZDJSc2JGWldWRVpYVm10d1dsbHJWWGhYUmtwelYxaHdWMVpGU25aV2FrWlhWakZhYzJKSFJsTk5NbWhQVmtaa05GTXhUbk5oTTJ4clUwVTFUMVZ0TURWTk1XeFdWbTVPYUdKRmJ6SlZiR2gzVmxaYVJsSllaR0ZXYkhBeldYcEtTMUpzVm5OWGJXaHBVbnBvTTFaclpEQmhNazEzVFZoT1ZtSkdjRkJXYWtvMFZqRldjMXBIT1ZkU2JYaFdWVmQwTUZZd01WZFhhMXBYVmpOU1ZGbFVTa2RPYkZaMVlrWndWMUpZUWpaV2JGSkxWREpPZEZWcldtbFNiVkpQV1cxek1FMXNaRmRYYkU1cFRVUkdTRmRyVm05aFZrcHlVMnMxVlZaNlZrUlVWM2hoVm0xR1NHUkdhRmRpUlhCSVZrWmFZV1F5UlhsU1dHaG9aV3RhV0ZsVVJuZFdSbFp4VVZob1ZGSnNjREZaVldSSFZHeEplV0ZGZUZoaE1YQlhWR3hWZDJWR1JuTldhelZUVFc1b1lWWnNVazloTVZKSFVsaHNhVkpWY0doVVZXUTBVbFpXVjFwSVRsaGlWWEI2VmpKd1IxWldTblJoUmxKVllrZFNVRlV3V21Ga1YwNUdZMGRvYVZaSGVERldiWEJQWXpGTmVWSnNhRlppUjJoUVZUQmFTMk5zVlhkYVJGSk9UVmRTZWxsVlZUVlZiRnBWVW14V1ZXRXlhSHBXUm1SSFkyeGFjVlJzVWxkTmJtUTJWakp3UTJNeVRrZFViR3hWWVROQ1ZWVXdWVEZrVmxWNFdUTm9WazFyY0VsV1IzUnZWakpLYzFkdGFGWmhhMXBvVkZaYWExWldUblZVYld4VFRVUlJlRlpVUmxOWlZrNXpWR3RzVldKVVZsVldhazVUVWtaU1ZscEdaRmhXYTFvd1dsVmtkMkpHV2toa00yaFlWak5DVEZaVVNrdFNiVXBKVW0xc1RtSldTa3hYVmxwcVRsZE9SMVJzV21GTk1sSm9WRmQ0ZDFaV2NFVlRiWFJVWWxWd2VWUnNhR0ZYUmxwelUyeGtZVlpXVmpSWk1GVjRWMGRLUms5V1pGZE5NbWhZVm0xd1MyVnRWa2hWYkdSWVlteEtWMWxzVWtkVU1WSllZMFZPVDFKdFVuaFZWbWh2VkcxS1JrNVliRnBXVmxwMlZrVlZlR1JHVm5Ka1JtaHBWa1ZhV1ZaWWNFZFVNVTVJVTJ0a1ZHSkdjRlJXTUZaTFpHeGtWMkZJWkZKTmEzQlhWR3hTWVdGRk1IbGxSa0pYWWtkU2RWUlZXbmRTTVZaMFVteHdWMkpGY0RSV2JURTBZVEZhUmsxVldsZFdSVXBYVm0xNFlXTnNVbk5XVkVaVFlraENTVlZ0Y3pWVk1EQjVZVVpDVmswelFraFpha3BQWkVaT2RWSnNhR2xoTVhCNVZsY3dlRlZyTVVkYVNGWnFVbTFTV0ZWc1VrTk9WbkJXV2tSQ1YwMUVRalJaTUdoVFYyMUtSMk5JV2xwV1JYQlVXa1ZWTVZkV1RuUmpSazVUVmtaYVMxWnRlR0ZWYlZGM1QxWmFhVk5GTlU5Vk1GVXhVbFprY1ZOVVZtbGlSVFZYVmtkMFMxbFZNVWhsUkVaWFZqTkNXRmxYZUVwbFJtUnhWMnhvVjFKVVZrMVhWRUpyVkRGT1YxWnNhR2xTYTBwdlZteFdkMk5HVlhoWmVrWldUVVJXV1ZaSGRHOVdNa3AxVVcxR1ZWWkZTak5hUkVaeVpESkdSMVJzU2xkV1JscFdWa2QwVTFVeFVsaFNia3BPVjBWS1ZsVnNWVEZSTVd4WFZtNU9hbEl4UmpWWGEyUTBZa1phVmxkdVpGZE5WMDQwV1hwS1UxWnRTa2xTYld4T1lsWktlbGRzV2xkU01rNUhZMFZhYUZKVWJHOVpWRW8wWlVac2NWTnRkRlJpVlhCWFdUQm9hMWR0U2xoamVrWlZWbGRTVDFwV1dsTlhSMHBHVFZaS1RsSldjRE5XTW5SWFlqRlJlVlp1VG1wU2JYaFZXVmQwZDJGR1dYZFdiazVxVW14R05WbHJWa3RoUmxwMFpVUkNXbUV5YUZoV1JsVjNaVVpPY1Zkc2NHeGhNMEpaVjJ4YWExVXlVa2RYYmxacFVsaENiMVpzVm5KTlZsVjRWbTAxYTAxck1UTlphMVpUVmtkS2RWRnRPVlpoYTBwWFdsVmFVMVl4Vm5KalIzUlRUVVJXUjFaWE1IaE5SMFpIVjI1U1ZWZEhlRmhaVkVwdlUwWmFSMVpVVmxkaVZrWTJWMnRWTlZSdFJuTlhiRVpZWWtaYWRsZFdXbFpsUmxaelYyczFVMUpVVm5aV1YzaFRVakZSZUdORmJHcFNhelZ2V1Zod1YxZEdiRlpYYTA1b1ZqRmFWbGxWVWxOWGJGcDBWV3Q0VjFKc1ZYaFZNRnBMWTJ4T2MxVnNaRmROVld3elZtMTRVMUV4U1hkTlZWcFFWbTE0VmxsdGN6RlhSbFp6VjJ4a1QxSnNiRE5YYTJRd1ZHc3hSVlpzWkdGU1ZuQjJXVlJHWVU1dFNrbFZiRlpYWld4YVdWWnRlR0ZWYlZaeldraEtWbUpWV25OWmJHaHZVbFphY1ZKc1RtaE5WM2hZVm0wMVUyRkZNSGRqUmxKVlZqTlNhRlV3V2s1bGJVNUlaRWQ0YVZORlNYZFdNblJoVWpGc1YxZHVTbGRXUmxwWFZXMXpNVlJHWkhKV2FsSlNZbFZzTTFwRlZuZFZhekZHVjI1V1ZrMVdXbEJWZWtGNFYwWk9kVlZzV21saE1IQm9Wa1pqZUUxRk1VZGpSVnBvVTBVMWNsUldhRU5YYkZwSFdraE9WbEl3V2xkVk1qRnpWa1phTmxac2FHRlNiSEF6VlRCa1MxTkhUa2hoUmxwc1lURlplbFl5ZUdGaU1VVjVVMnRvVlZkSFVsTldhMVozVkd4c1dHUklUazlTYkVwSldUQldTMkZHV2xsaFJWWldWbTFTZWxVeU1VZFhWbkJJVGxkR1YxSlVSWHBYV0hCRFl6RktSMVJ1Vm1wU01taFVWRlZhVjA1R1drZFhiRTVVWWxaS1NWVnRlSE5aVmtwWFYyeHNXbUpZVW1oYVJscFRWbXhrY2xwR1NtbFNWM2N5VmxSSmQwMVdWa2RYYmtwcVVucHNhRlZxVGtOWFJsVjRWbFJHVkZKVVZrcFhhMXBYVmpGS2RHUkVUbGROVjJnelZrUktVMU5HU2xsaFJsSlhVbFp3VWxadGNFSk5WbEpIVlc1U1QxWXpVbGRaYkZVeFVsWnJlbU5GT1ZaaVZscDZWVEp3UjFack1WZFRhMUphWWxSR1QxcFdWWGhXYkdSMFpVWk9UbEp1UWpaV2Frb3dZVEZKZUZwSVRsWmhNWEJRVm0xMFMxVkdWbkpYYTNScVRWWndlVlpYZUU5VmJVcFhVMnRrVmsxdVVsQlpWRUY0WkZaR2RWRnNaR2hOYkVvMlZsUkNZVll4U25KTlZteFZZbGhTVkZWc2FFTlZSbGw1WkVaT1VrMVdjRmRVTVZwaFdWZFdjMWRzVmxwaE1WcFhWR3hhVjFJeFVuSmtSMFpUVjBkb1JGZFhjRXRoTVU1elZHdFdVbUV6YUdoWmExWmhUV3hXUjFKVWJGRlZWREE1