ewogICJsb2NrZmlsZVZlcnNpb24iOiAxLAogICJ3b3Jrc3BhY2VzIjogewogICAgIiI6IHsKICAgICAgIm5hbWUiOiAicHJveGllcyIsCiAgICAgICJkZXZEZXBlbmRlbmNpZXMiOiB7CiAgICAgICAgIkB0eXBlcy9idW4iOiAibGF0ZXN0IiwKICAgICAgfSwKICAgICAgInBlZXJEZXBlbmRlbmNpZXMiOiB7CiAgICAgICAgInR5cGVzY3JpcHQiOiAiXjUiLAogICAgICB9LAogICAgfSwKICB9LAogICJwYWNrYWdlcyI6IHsKICAgICJAdHlwZXMvYnVuIjogWyJAdHlwZXMvYnVuQDEuMi4xMCIsICIiLCB7ICJkZXBlbmRlbmNpZXMiOiB7ICJidW4tdHlwZXMiOiAiMS4yLjEwIiB9IH0sICJzaGE1MTItZWlsdjZXRk0zTTBjOXp0SnQ3L2c4MEJEdXNLOTh6L0ZyRndzZVpnVDRiWENxMnZQaFhENHo4UjNvZGRtQW4rUi9ObXo5dkJuNGt3ZUpLbUdUWmorbGc9PSJdLAoKICAgICJAdHlwZXMvbm9kZSI6IFsiQHR5cGVzL25vZGVAMjIuMTQuMSIsICIiLCB7ICJkZXBlbmRlbmNpZXMiOiB7ICJ1bmRpY2ktdHlwZXMiOiAifjYuMjEuMCIgfSB9LCAic2hhNTEyLXUwSHVQUXdlL2RIckl0Z0hIcG13M04yZllDUjZ4NGl2TU5iUEhSa0JWUDRDdk4ra2lScktIV2szaTh0WGlPL2pvUHdYTE1ZdkY5VFRGMGVxZ0hJdU93PT0iXSwKCiAgICAiYnVuLXR5cGVzIjogWyJidW4tdHlwZXNAMS4yLjEwIiwgIiIsIHsgImRlcGVuZGVuY2llcyI6IHsgIkB0eXBlcy9ub2RlIjogIioiIH0gfSwgInNoYTUxMi1iNUlUWk1uVmRmM20xZ012SkhHK2dJZmVKSGlRUEphazBmNzkyNUh4dTZaTjVWS0E4QUd5NEdaNGxNK1hrbjZqdFd4ZzVTM2xkV3ZmbVhkdm5rcDNHUT09Il0sCgogICAgInR5cGVzY3JpcHQiOiBbInR5cGVzY3JpcHRANS44LjMiLCAiIiwgeyAiYmluIjogeyAidHNjIjogImJpbi90c2MiLCAidHNzZXJ2ZXIiOiAiYmluL3Rzc2VydmVyIiB9IH0sICJzaGE1MTItcDFkaVc2VHFMOUwwN25OeHZSTU03aE1NdzRjNVhPby8xaWJMNGFBSUdtU0F0OXNsVEUxWGd3NUtXdW9mMnVUT3ZDZzlCWTdaUmkrR2FGKzdzZmdQZVE9PSJdLAoKICAgICJ1bmRpY2ktdHlwZXMiOiBbInVuZGljaS10eXBlc0A2LjIxLjAiLCAiIiwge30sICJzaGE1MTItaXdEWnFnMFFBR3JnOVJhdjVING4wTTY0YzNta1I1OWNKNndRcCs3QzRuSTBnc21FeGFlZGFZTE5PNDRlVDRBdEJCd2piVGlHUE1sdDJNZDBUOUg5SlE9PSJdLAogIH0KfQo=