Vm1wS05HSXlSWGxWYms1cFRUSlNjRlZzV2t0V1ZteDBZM3BHYWxKc1NsbFpNM0JIWWtaYWRGVnFRbFZXYldoUVdWZHplRmRXUm5OaFJtUk9ZV3RWZDFkV1kzaFRNazV5VGxac1lWSnVRbTlaVkVvd1RURmtWMWRzV2s5V01EVklWVzE0YzJGR1NsVlNiRTVYWW01Q2VscEdXbFpsUmxweVQxWlNUbEpGU1RGV1ZFWnZaREZhU0ZOdVNtcFRSVnBXVm10V1MxUkdiSEZTYlhSWFZtczFlbGRyWkRSaFJURjFZVVJTV0ZZelFreFpWRXBMVTBaV1dXSkdRbGRsYkZwV1ZtMTRWazFXUlhoYVNFWlNZbXMxY1ZWdGN6RldiRmw1WkVoa1YxSnJOVWRVYkZWNFZtc3hWMWRzUWxaV00yZ3lXa1JLUzFKc1ZuTlRiR1JPWWtWd1RWWXhaRFJWTVZsNVUxaG9hVk5GTldoVmJYaDNZakZhYzFWdVRtdE5WbHBZVjJ0b1QyRkhTa1pPVldSYVRVWktURmRXV21GWFJsWjFZMFp3YUUxc1NsRldSM2hoVkRGa1YxVnVTbFppVjJoWVZteGFkMDFXV2xWU2JHUlZUVlZhZWxscVRtdGhWa3BYVTJ4V1dtSkhhRlJaVlZwYVpERmtkVnBHVG1sU01VbzJWMVpXVjFReVJsZFRXR1JxVWtWS1dGWnVjRVpOUm14WFdrVjBWMkY2VmxwWGExcHZZVlpKZVdGR1FsaFdiSEJYVkd4a1QxSXhTblZTYlVaVFZtdHdkbFp0ZUZkWlYxSlhWbGhvVjJGNmJGTlphMk0xVFRGc2NsWnNUbFppUm13MVZsZDBNRmRzV2taVGEzUmhVa1ZhTTFacVNrZFNiRkowWWtaT1RsSkdSalJXYTFKSFlUSk5lVkpZYUZoaGJIQlhXVzEwUzFac1VsaE5WRkpTVFZkNFdGZHJWakJXUmtweVkwaG9WbFo2UmtoV01GcExWbFpXY1ZSc1drNVdNVW8yVmtaU1IxUnRVWGxUYTFwV1lrVndXRlJYZUV0VVJscFhWV3RPVTAxcmNIcFpNR2hQVmxkR2NrNVdWbFZXVjFFd1ZXeGFWMVl4Y0Voa1JsSnBVbFpaZWxaWE1IZE5WbHBIVjJwYVYyRXhTbUZaVkVaM1RURlplRmRyT1dwaVJuQXdWVzE0YjFVeFdsbFJhbHBYVFZkT00xcFZXbFpsVms1eVlVWlNhV0pGY0ZkWFZ6RXdVekpHUjFkWVpGZFhSMmh4VlcxNFIwNVdiSEpXYXpsVlRVUkdSMVJzYUd0V2JGcDBWVzVLVmsxdWFFZGFSRVpMWkVVMVYxVnNaRmRXUmxwRlZtcEtkMUV5VFhsVmJHUlhZbXRhV0Zsc2FFTldSbEpYVjI1YVRtSkdiRFJXVjNNMVZrVXhjazVWYkZkU00xSjZWbTE0V21WWFZrZFNiSEJYWWtad1NWZFVRbUZoTVU1SVZHdGtXR0pYYUZoV01HUnZVa1prV0dORmRHaE5WVFY2Vld4b2ExVXlTbFZXYkZaWFlrWlZlRlZyV2xKbFJscHhWV3hLYVZaWGR6RldNblJYWkRGV2NrMVZXbGhpYkZwWldXeG9iMVZHVWxWU2F6VnJUV3R3UjFaWGVFdGhSMHBaWVVVNVYxWnNjSEZVYkdSTFl6RlNjMWRzVm1oTk1VcDVWa1phYTA1R1pGZFhhMmhQVmxoU1dWbHJXbk5PVmxwWVRsVTVXR0Y2UWpWYVZWWXdWbGRLV1ZWdWNGWk5WMUpQV2tSS1UxSnRUa2RUYXpWVFZtNUJlRlpzVWtkV01WRjRWRmhvVTJKSGFGZFpWRW8wWTBaVmQxcEdUbWhTYkd3elZteG9iMVJ0U2toVmJHeFZZa1p3Y2xsVVJtRlhSMVpKWVVad2FHRXpRbmxXYWtKclZqRmFkRlJyV2xSaVZWcFVWbXBLYjA1c1pISlZhMlJyVFZkU1dGWlhlSE5YUjBwSlVXNUNXbUV4Y0RKYVZWcGhWakZhYzFSc1RtbFdhM0JZVmtaYWIxRXhVWGhVYTJob1VsUnNWMVpyVmt0bGJIQllaVVU1VjJKR1NubFpNR1J2VmpGa1NHRkZXbGRXYlZJeldWUkdUMk14U2xsYVIzQlVVbGhDV2xkWGRHdGlNVXBIWWtoS1lWSllVbkpWYlhoaFRVWndWbHBJVG1oV2JIQldWbTF3VDFZd01YVmhTRnBYVW5wR1NGWnRjelZYVmtaelUyMW9hVlpyY0UxV2JGcFRVVEpSZVZSclpHcFNWMUpoV2xkMFMyTnNWbkZTYTNSVVlrZDRlVmxWWkRCWGJGcDBWV3RrVlZadGFFUldiRlY0WkVkV1JsUnNjRmRpUmxrd1ZtMTBWazFXVGxoVGExcE9WakpvYjFSV1duTk9iRnBWVW0xMGFrMVZWak5VTVZwaFlWWktXR1ZGT1ZaTlJsVjRWWHBHVjFaV1JuVmFSVGxwVWpOb1dGWXlkRmRaVmxKelYyeFdVMkpHY0ZkVVZtUnZWa1prVjFkc2NHeFdNVnBLV1RCa1IxVXdNSGRUYlRsWFlXdEthRlY2U2s5amF6RldZa2R3VTJKR2NGbFdWM2hYWkRKV1IxZHJWbE5pVkd4eVZGVlNSMU5HV2toT1ZtUlhZa1p3UjFSc1ZURldWbG8yVW1zNVZWWldjRlJXYlhoaFkyMVNSMVJzWkU1V1dFSm9WbTEwYTAxRk5VZFdhMlJZWVRKb2FGcFhkSGRXYkZaeVZtdDBhRkp1UWxoV01uUXdZVEZhZFZGcmNGcE5SMUpJVm1wS1MyTnNUbkZTYkdScFYwWktWVlpzVWt0U01WbDRZMFZhV0dKR1duQlpiR1J2VlVaa1dFMVVVbXROVmxwNldXdGFZVmRIU2xWaVJsSlhZa1pLV0ZVeWVITmtWMDVIVkd4a2FWWldjRFZXUjNoVFV6RmtTRkpZYkZaaVJrcG9WV3hhZDFOR1dYZFdWRVpVVm1zMWVsWXlNVzlXTVVsNllVWktWMDFYVVRCWmFrcFRZMnMxVjJGR1dtbGhNMEpXVjFjeE5GbFdWa2RXYmtaVllrVndjMWxyWkZObGJGcDBUbGQwVjFacmJETlpNRnByVjBkRmVHTkdhRmROUjFKTVZqQlZOVmRYU2tkalIyaE9Za1Z3TkZaclVrZFpWa1Y0VjJ0a1ZXSnNTbGRaV0hCSFZURmFkV05JVGxWV2JGWTBWbTF6TlZWdFNraFBWRTVhWVRGYVZGWnJaRVprTVdSMVUyeGFUbEl4UlhkV1JsSkhZVEpOZVZKcldrOVdNMUp3Vm14b1FtUXhXa1ZTYlhST1VtMTRXRlpzYUd0aFIxWnlZMFpXVjJKR2NETlViWGh6VmpGa2NscEdVbGRpUm5BMFZtMHdlR1F4VlhkTlZtUnBaV3R3V0ZWc1drdFRNVkpYV2taT2FrMXJOVWRaVlZwcllVVXhSMk5HUWxoV2JWRjNXWHBCZUZZeFZuTmFSbHBwVWxoQ2VWWnRlRk5TTVZwWFZsaG9hRkpVYkZWWmExWlhUVEZzY21GRlRsZFdhM0JYVkd4V1UxWlhSbkpUYm5CV1lURndVRnBGWkZOVFJrcHpZVVpPVjFkRlNUSldha1pxWkRKV1IxWlliRlJoTW1oVldXMTRTMVpzYkhSa1JYUm9VbXhzTTFac2FHOWhiRXB6VW1wV1dtRXhXbEJXUkVGNFUwZFdSbFpzV2s1aWEwcEpWMVphYTFNeFdYaFVibFpoVW0xb1dGVnNhRU5PVm1SeVZtMTBWazFWTlZsVk1uUnpXVlpKZDFkc2JGWmlSa3BJV2tSR1lWSldUblZVYkVwcFZsWndXbFpxU1RGU01XUkhXa1ZrV0dGNmJHRldhazVUVjBaU1YxZHNUbGRpUmtwNVdUQmtSMVJ0U2tsUmJGcFhWbTFTTTFsNlJsTldNVXBaV2taT2FXRXdjR2hYYkdRd1pESlNjMkpHV2xkV1JWcFlWbTEwZDFkc2JISldXR2hZVW10d2VsWXhhSGRXTVZwR1UyNWFWMkZyV2xoV2FrWmhZekpLU0ZKc1RrNU5iV2hRVm10YWEwNUdUWGhVYms1b1RUSjRjbFV3VlRGVU1WWjBUVVJXVGsxWGVGZFdiVFZQWVVkS1JtSjZTbFppUjJnelZteGFZVkpzU2xsYVIwWlhZa2hCZWxkWWNFdFRNVXB6Vm01T1dHSlhhSEJWYm5CdlRURmFjbHBFUW1oTmF6RXpWRlpvVDFadFNrZGpSa0pYWVd0dk1GWnFSbGRqTVhCSVQxWmtVMkpZYUZkV1ZtUXdUVVpaZDAxV1pGaGhNWEJZVm1wT1UxWkdiRlZUYTJSUFlrWmFNVmxyV25kV01VcFpVV3BhVjJKR1NreFdSRXBQWkVaV2NsZHRiRk5pVmtwUVYxY3hlazFGTVhOYVJtUllZa1UxY0ZSVlVrZFRSbVJ5Vm0wNWFGWnJjSGxWTW5NeFZsWmFObFpyVWxWV00yaG9WbTB4UjFOSFVrZGhSbVJwVWxoQ1NWWnJXbUZaVjFGNVVsaHNVMWRIYUc5YVYzUmhWMFpzVlZKdVpGZFNiRnA0VlZab2IxWkdTbk5qUkVaYVZsZFNTRlpIZUVwbFYwWkdaVVpvYUUxWVFsaFdSM2hXWkRKV1IxSnVUbGRoZWxaVVZGYzFiMWxXV25OVmF6bG9UVlpLU0ZWc2FITmhWa3BXWTBkb1ZWWlhVVEJWYkZwWFZqRndTVlJzYUdsV1dFSTJWbXBLZDFJeFdsZFRibEpvVW14S1ZsbHJaRk5WUmxWM1YyMUdhMVl3TlVkWk1HUnZZVlphU0dWRVJsZGlXRUpRV1hwR1RtVldTbk5oUmxwcFVqSm9VVlpVUW1GVE1rNXpWbGhrWVZKR1NrOVVWbVJUWld4c1ZsWlVWbFppUm5CV1ZXMTRWMVpYUlhsaFNIQlhVbTFTU0ZreWVHRmpWbEp6Vld4a1RtSnRVVEpXYWtwM1VUSk5lVlJyWkZWaVIzaFdXVlJPUTFaV1ZYZFdWRVpyVm14V05GZFVUbTlXYXpGeVkwVnNWMUl6VW5aV2FrcExZekZrZEdGR1dtaGhNWEJ2VmtaYVlXRXhXbGRVYmxaVllsZDRWRlJWVWxKbFJscFZVbXhPV2xack5YcFdSM1J6VmxkS1ZWWnNWbGRoYXpWVVZXdGFVMVpzY0VkYVJtaFhZVEZ2ZDFkc1ZtdGtNa3BIVjJ0b2EwMHlhRmxXYWs1RFZFWmFWVk5yZEZOaVZYQktWVzB4YzFSdFNsZFRhM2hZVm14d2NWUnNaRTlTTVZKelYyMUdUazFzU205V1JtUTBaREZhVjJORlZsUmlXRkpWV1d4V2QyVldVbk5oUjBaWVVteHdlbFV5ZUd0WlZscFhWbXBTV2sxR1ZqUldNR1JMVW1zNVYxcEdaRTVOYldoWlZtMHhkMU15Vm5SV2EyaFdZa2RTV1ZsdGVFdFdNV3h6Vld0a1ZVMVdTbGxaTUZaUFZERktkRlZ1YUZaV2JXaDJWa2N4UzFKck5WbGlSbkJYVm14d01sWnJWbFpsUjFKSFZtNUthMUp0YUhCV2ExWmhWMVphV1dORlpGVk5WVFZKVlRKMGExWkhTa2RqUmxKWFRVWmFURnBIZUd0V01rWkpXa1pLVG1FelFsaFdSM2hUV1ZkR1JrMUliR3hTYTBwWVdXdGtVMlJXVWxaWGJtUlRUVlphTUZWdGVIZFdNa3BHWTBSU1YySlVSVEJaVkVaaFVtc3hWbGRzWkZkU1ZYQllWbTB4TkZsWFRuTlZiazVYVmtWYVZGbHJhRU5UVmxaMFkzcFdWazFFUWpWWlZWcERWbXN3ZWxGcmFGcGhhM0JRV2tWYVQyUldTbk5oUjJ4b1RWaENOVlpzWTNkbFJsWnlUVlZrWVZOR1duRlZiVEZUVjBaV2MxVnJUazlXYmtKWFYydFNRMVl3TVVWUmFsSmFUVWRvVkZZeU1VdFNNazVKVjJ4d1YxSllRbFZYYTFaV1RWWmtWMVJ1VW1wU2F6VlVWbXRhWVZNeFduUmxSMFpXWWxaR00xUXhXbUZoVms1R1RsVTVWazFHVlhoVmJGcHJZMVpPVlZadGJHbFNWRlpZVm10a01GTXhiRlpOVldoc1VrVmFXRlpxVGtOWFJteFlaVVZ3YkZKdFVuaFdNbmh2VmpGS1ZWWnJNVmhXUlVweVZrUkdUMVl4V25OaFIyeFRZVEJ3ZGxadGVGZGtNazVIVmxob1dtVnJXbGRVVlZKWFYxWmFTR1JIT1ZkTmEzQXhWVmN4UjFaV1drWlRhazVoVWtWYWVWcEVTa2RTTVZKelUyeGtWMUpzY0ZkV2EyUXdWVEZWZUZWc2FGTmlhM0JQVmpCV1MxWnNWbk5XVkVaU1RWZDRXRlp0TlU5aGJFbDRVbXBXV0dFeVVUQlphMXBoVm14a2RWcEdaRTVXTURRd1YxaHdTMVV4V25SVGEyeFRZbGQ0VDFsc1drdGxiR1J6VjJ4a1UwMXJOVWhaTUZaaFlVWktWV0pIT1ZwV1JXOHdXbFZhYzJOV1RuUmtSbEpwVmxoQ1dGZFVRbTloTVdSMFUyeG9hbVZyV2xaV2JHUlRWREZ3VjFkc1RsaFNNSEJIVkZaYVMxUnNTbGRqUkU1WFRXNVNXRmxxUmxKbFZscDFWRzF3VTJKWWFGWlhWbVF3WkRKR1IxZFlaRmRpYXpWeFZXMTRSMDVXYkhKV2EzUm9VbXh3TUZwVlVrTlhiVVY1WVVab1YxSnNWak5hVlZwUFkxWmtjMk5IZUdoTk1FcGFWako0WVdFeFZYbFZhMlJZWW14YWNGVnNhRU5pTVZwelZtNUtUbFpzVmpSV2JUQXhZVEF4Y2sxVVRscGhNVnBVVm10a1MyUldSblJQVmxwb1lUQndXRmRzVm1GVk1WbDRWbTVLYWxJelVsUlVWVkpYVWpGYVdFMUlhRTVTTUZwSVZqSTFVMVpXWkVobFJtaGFWa1Z3ZGxVd1dtRlNNVnBWVm14a2FWWnJXVEpXTW5SV1RsWlNkRkp1VGxoaVJWcFpXV3RhWVdSc1pGZFhiRnBzVW14YWVsWXljekZWTVVwVlZtNWFWMVl6YUZSVmFrWlNaVWRPUm1KSGNGTmhlbFoyVjFab2QxWXhaRWRpUmxwWVlUQTFiMVpxUm1GV2JHeFdWV3hPV0dKR2NEQldWM1EwVmpGS2MxWllhRlpOUm5CTVdUSjRUMk14Vm5OYVJtUk9WbGQzZWxadE1UUlZNVVY0VTFoa1RsWldjRkZXYlRFMFZteHNkR042UmxoU2JGcDZWako0YTFReFNuTmlSRTVZWVRKUmQxWkhjM2hTVmxweldrZEdVMVp1UWpKWFZsSkhXVlUxZEZOcmJGWmlSbHBZV2xkNFlWZFdXblJsUjBaV1lsWmFlbGRyYUV0V2JVcFdWMjVPV21KSGFIWlZiRnBoWTFaS2MxUnRhRTVXTTJoWlZtMHdNVlV5UmtaTlNHUnFVbXhLVmxacVRsTmhSbFYzVjJzMWJHSlZOVWxhUldRMFlWWk9SbE5ZWkZkTmJsSm9WV3BHYzFZeFpIVlRiR1JYVW14d1dGWlhNWHBOVmxKSFdraEtWMkZzU2xOWmJGWnpUVEZ3UmxadVpGWmhla1pIVmpJMVYxWnJNVmRYYkVKV1pXdEdORll3V2s5a1ZsWnpWMjFzYUUxSVFtOVdhMXBxWlVVeFJrMVZaR3BTVm5CdlZUQlZNV05zVWxkaFJVNVlZa1p3U0ZkcmFFOVdiRWwzVjJ4a1ZrMXFSbnBXYTFwaFRteGFjMkZIUmxOaVNFRjZWbFJDYTFNeFRraFVhMmhvVW14d2MxbFVSbHBsYkZsNVpVZEdhVTFWVmpWVk1uUnZWbFprU0ZWc1RsZGhNVm96VmtkNGMxZEhVa2xVYXpsVFlrVndTbGRVUWxkVE1rWkhWMnhzYUZKV1dsZFdiVEZUWld4VmVVMVZaRmhXYmtKSlZHeGtSMVl4U2xWU1dIQllWMGhDUkZsNlJrdFNNVkoxVm0xd1UwMXRhRlZXUmxaaFZqQTFSMWRyWkZoaVJUVlZXV3hhUzFOV1ZuUmxTRTVhVm10d1dGWXllSE5YYlVwWlZXMW9ZVkpzY0ZSV2JYaHJZMnh3UjFOdGJGTldNMk41Vm14U1NtUXdNVmRXYTJSWVltdHdjVlZ1Y0hOaFJsWnhWR3RPV0ZKc1ZqUldiRkpIVmtaS1ZWWnJjRmhoTVhCWVZtcEdTMlJIVWtWVWJHUk9WakpuZWxaclVrdFZNVTVIVTJ4c2FGSnNTbGhWYkZwM1ZXeGFkR05GU2s1V2JFcElWbGMxVTFReFdYcFZiR1JhWWtaVmVGVnNXbkpsYlU1R1QxWmFhVlpzY0RaV1ZFcDNVakZhY2sxV1pGUmhNVXBoV1d4U1IxUXhjRmRXV0doWFlrZFNNRnBWV2s5VWJFcDFVV3BhVjJGcmIzZFpWRVpLWlVad1NWUnNXbWhOV0VKUlZtMHhNRk14VmtkV2JrcFlZVE5TY1ZSV1duZGxWbHBZWlVVNVZtSlZjRmhWTW5SclZtc3hkVlZzUWxwV1JVWTBXa1phUjJSV1JuTmFSMmhPWWtWdk1sWnNVa05aVmxsNFUyNUtUbFp0ZUZaWmJHaFRWa1pXYzJGRlRsWlNiR3cxV2tWYVQxVnJNVmRqUm1SVlRWWndhRmRXWkZkak1XUnpWbXh3YUUxV2NGaFdSM2hoVmpGSmVGVnVTbXRTTUZwVVZqQmtiMUpHWkZoalJYUm9UVlUxZWxaSGRGZFZiVVY2WVVkb1dtRXhXbWhVVjNoWFVqRktWV0pHUmxaV1JFRTE=